
Microsoft Visual Studio Solution File, Format Version 12.00
# Visual Studio 15
VisualStudioVersion = 15.0.28307.329
MinimumVisualStudioVersion = 10.0.40219.1
Project("{FAE04EC0-301F-11D3-BF4B-00C04F79EFBC}") = "ToDoList", "ToDoList\ToDoList.csproj", "{3B79584C-43B5-46C6-83FF-33E5EAA33BBF}"
EndProject
Global
	GlobalSection(SolutionConfigurationPlatforms) = preSolution
		Debug|Any CPU = Debug|Any CPU
		Release|Any CPU = Release|Any CPU
	EndGlobalSection
	GlobalSection(ProjectConfigurationPlatforms) = postSolution
		{3B79584C-43B5-46C6-83FF-33E5EAA33BBF}.Debug|Any CPU.ActiveCfg = Debug|Any CPU
		{3B79584C-43B5-46C6-83FF-33E5EAA33BBF}.Debug|Any CPU.Build.0 = Debug|Any CPU
		{3B79584C-43B5-46C6-83FF-33E5EAA33BBF}.Release|Any CPU.ActiveCfg = Release|Any CPU
		{3B79584C-43B5-46C6-83FF-33E5EAA33BBF}.Release|Any CPU.Build.0 = Release|Any CPU
	EndGlobalSection
	GlobalSection(SolutionProperties) = preSolution
		HideSolutionNode = FALSE
	EndGlobalSection
	GlobalSection(ExtensibilityGlobals) = postSolution
		SolutionGuid = {B975326F-6FF7-4A20-A6C2-B3DEF44F6E01}
	EndGlobalSection
EndGlobal
